[[package]]
name = "attrs"
version = "21.4.0"
description = "Classes Without Boilerplate"
category = "main"
optional = false
python-versions = ">=2.7, !=3.0.*, !=3.1.*, !=3.2.*, !=3.3.*, !=3.4.*"

[package.extras]
dev = ["coverage[toml] (>=5.0.2)", "hypothesis", "pympler", "pytest (>=4.3.0)", "six", "mypy", "pytest-mypy-plugins", "zope.interface", "furo", "sphinx", "sphinx-notfound-page", "pre-commit", "cloudpickle"]
docs = ["furo", "sphinx", "zope.interface", "sphinx-notfound-page"]
tests = ["coverage[toml] (>=5.0.2)", "hypothesis", "pympler", "pytest (>=4.3.0)", "six", "mypy", "pytest-mypy-plugins", "zope.interface", "cloudpickle"]
tests_no_zope = ["coverage[toml] (>=5.0.2)", "hypothesis", "pympler", "pytest (>=4.3.0)", "six", "mypy", "pytest-mypy-plugins", "cloudpickle"]

[[package]]
name = "aws-cdk-lib"
version = "2.30.0"
description = "Version 2 of the AWS Cloud Development Kit library"
category = "main"
optional = false
python-versions = "~=3.7"

[package.dependencies]
constructs = ">=10.0.0,<11.0.0"
jsii = ">=1.60.1,<2.0.0"
publication = ">=0.0.3"

[[package]]
name = "cargo-lambda"
version = "0.8.3"
description = "Cargo subcommand to work with AWS Lambda"
category = "main"
optional = false
python-versions = "*"

[[package]]
name = "cattrs"
version = "22.1.0"
description = "Composable complex class support for attrs and dataclasses."
category = "main"
optional = false
python-versions = ">=3.7,<4.0"

[package.dependencies]
attrs = ">=20"
exceptiongroup = {version = "*", markers = "python_version <= \"3.10\""}

[[package]]
name = "constructs"
version = "10.1.43"
description = "A programming model for software-defined state"
category = "main"
optional = false
python-versions = "~=3.7"

[package.dependencies]
jsii = ">=1.60.1,<2.0.0"
publication = ">=0.0.3"

[[package]]
name = "exceptiongroup"
version = "1.0.0rc8"
description = "Backport of PEP 654 (exception groups)"
category = "main"
optional = false
python-versions = ">=3.7"

[package.extras]
test = ["pytest (>=6)"]

[[package]]
name = "jsii"
version = "1.61.0"
description = "Python client for jsii runtime"
category = "main"
optional = false
python-versions = "~=3.7"

[package.dependencies]
attrs = ">=21.2,<22.0"
cattrs = ">=1.8,<22.2"
python-dateutil = "*"
typing-extensions = ">=3.7,<5.0"

[[package]]
name = "publication"
version = "0.0.3"
description = "Publication helps you maintain public-api-friendly modules by preventing unintentional access to private implementation details via introspection."
category = "main"
optional = false
python-versions = "*"

[[package]]
name = "python-dateutil"
version = "2.8.2"
description = "Extensions to the standard Python datetime module"
category = "main"
optional = false
python-versions = "!=3.0.*,!=3.1.*,!=3.2.*,>=2.7"

[package.dependencies]
six = ">=1.5"

[[package]]
name = "six"
version = "1.16.0"
description = "Python 2 and 3 compatibility utilities"
category = "main"
optional = false
python-versions = ">=2.7, !=3.0.*, !=3.1.*, !=3.2.*"

[[package]]
name = "toml"
version = "0.10.2"
description = "Python Library for Tom's Obvious, Minimal Language"
category = "main"
optional = false
python-versions = ">=2.6, !=3.0.*, !=3.1.*, !=3.2.*"

[[package]]
name = "typing-extensions"
version = "4.3.0"
description = "Backported and Experimental Type Hints for Python 3.7+"
category = "main"
optional = false
python-versions = ">=3.7"

[[package]]
name = "ziglang"
version = "0.9.1"
description = "Zig is a general-purpose programming language and toolchain for maintaining robust, optimal, and reusable software."
category = "main"
optional = false
python-versions = "~=3.5"

[metadata]
lock-version = "1.1"
python-versions = "^3.9"
content-hash = "468d3de982a6d9d68daf214d031e9fd7af4bbb68bf37589b20cef476811d6258"

[metadata.files]
attrs = [
    {file = "attrs-21.4.0-py2.py3-none-any.whl", hash = "sha256:2d27e3784d7a565d36ab851fe94887c5eccd6a463168875832a1be79c82828b4"},
    {file = "attrs-21.4.0.tar.gz", hash = "sha256:626ba8234211db98e869df76230a137c4c40a12d72445c45d5f5b716f076e2fd"},
]
aws-cdk-lib = [
    {file = "aws-cdk-lib-2.30.0.tar.gz", hash = "sha256:eb72ed2e25f893f603c284bb25aa144604c4321a2d4d992b820431dab0db955a"},
    {file = "aws_cdk_lib-2.30.0-py3-none-any.whl", hash = "sha256:a65639e936870823a86e9dc98707ea79a7a440a30f769fe9bf774b64e322107d"},
]
cargo-lambda = [
    {file = "cargo_lambda-0.8.3-py3-none-macosx_10_9_x86_64.macosx_11_0_arm64.macosx_10_9_universal2.whl", hash = "sha256:57fbf0e823b691ea92032cc82d54340400aa30b4d97b0c1006d3929f93de70dd"},
    {file = "cargo_lambda-0.8.3-py3-none-manylinux_2_17_aarch64.manylinux2014_aarch64.whl", hash = "sha256:2c84ffbbaf1ec9ddf2acdde15653c5045ac1b12395a83c2d07fbef81564fa4c7"},
    {file = "cargo_lambda-0.8.3-py3-none-manylinux_2_17_armv7l.manylinux2014_armv7l.whl", hash = "sha256:6c80fe0d9b7d04dcc4e4093fba84bc326ead4e8a86f1e9580c148ae77841ea65"},
    {file = "cargo_lambda-0.8.3-py3-none-manylinux_2_5_i686.manylinux1_i686.whl", hash = "sha256:57f3d1f6b0962b6b61c1dc2dcfb8fa6b14e43c438c95dea6cc26a3137926b6b4"},
    {file = "cargo_lambda-0.8.3-py3-none-manylinux_2_5_x86_64.manylinux1_x86_64.whl", hash = "sha256:f11aad50bf7da9a4f511353c6a0d4d521679bfa12547f9d45ba70b3e0c557451"},
    {file = "cargo_lambda-0.8.3-py3-none-win32.whl", hash = "sha256:512d515c45bd1d7e04a676e43c82965f2dd960ff399db048ec2aa26620357219"},
    {file = "cargo_lambda-0.8.3-py3-none-win_amd64.whl", hash = "sha256:fe077bc82aa98d9374b29c91a599b0024f812a09543836726a01abaa16888a8c"},
]
cattrs = [
    {file = "cattrs-22.1.0-py3-none-any.whl", hash = "sha256:d55c477b4672f93606e992049f15d526dc7867e6c756cd6256d4af92e2b1e364"},
    {file = "cattrs-22.1.0.tar.gz", hash = "sha256:94b67b64cf92c994f8784c40c082177dc916e0489a73a9a36b24eb18a9db40c6"},
]
constructs = [
    {file = "constructs-10.1.43-py3-none-any.whl", hash = "sha256:f37e8c3432f94f403b50bf69476bea55719bcc3fa0d3a0e60bf0975dfe492867"},
    {file = "constructs-10.1.43.tar.gz", hash = "sha256:69fd6da574c9506f44ca61e112af7d5db08ebb29b4bedc67b6d200b616f4abce"},
]
exceptiongroup = [
    {file = "exceptiongroup-1.0.0rc8-py3-none-any.whl", hash = "sha256:ab0a968e1ef769e55d9a596f4a89f7be9ffedbc9fdefdb77cc68cf5c33ce1035"},
    {file = "exceptiongroup-1.0.0rc8.tar.gz", hash = "sha256:6990c24f06b8d33c8065cfe43e5e8a4bfa384e0358be036af9cc60b6321bd11a"},
]
jsii = [
    {file = "jsii-1.61.0-py3-none-any.whl", hash = "sha256:542a72cd1a144d36fa530dc359b5295b82d9e7ecdd76d5c7b4b61195f132a746"},
    {file = "jsii-1.61.0.tar.gz", hash = "sha256:b2899f24bcc95ce009bc256558c81cde8cff9f830eddbe9b0d581c40558a1ff0"},
]
publication = [
    {file = "publication-0.0.3-py2.py3-none-any.whl", hash = "sha256:0248885351febc11d8a1098d5c8e3ab2dabcf3e8c0c96db1e17ecd12b53afbe6"},
    {file = "publication-0.0.3.tar.gz", hash = "sha256:68416a0de76dddcdd2930d1c8ef853a743cc96c82416c4e4d3b5d901c6276dc4"},
]
python-dateutil = [
    {file = "python-dateutil-2.8.2.tar.gz", hash = "sha256:0123cacc1627ae19ddf3c27a5de5bd67ee4586fbdd6440d9748f8abb483d3e86"},
    {file = "python_dateutil-2.8.2-py2.py3-none-any.whl", hash = "sha256:961d03dc3453ebbc59dbdea9e4e11c5651520a876d0f4db161e8674aae935da9"},
]
six = [
    {file = "six-1.16.0-py2.py3-none-any.whl", hash = "sha256:8abb2f1d86890a2dfb989f9a77cfcfd3e47c2a354b01111771326f8aa26e0254"},
    {file = "six-1.16.0.tar.gz", hash = "sha256:1e61c37477a1626458e36f7b1d82aa5c9b094fa4802892072e49de9c60c4c926"},
]
toml = [
    {file = "toml-0.10.2-py2.py3-none-any.whl", hash = "sha256:806143ae5bfb6a3c6e736a764057db0e6a0e05e338b5630894a5f779cabb4f9b"},
    {file = "toml-0.10.2.tar.gz", hash = "sha256:b3bda1d108d5dd99f4a20d24d9c348e91c4db7ab1b749200bded2f839ccbe68f"},
]
typing-extensions = [
    {file = "typing_extensions-4.3.0-py3-none-any.whl", hash = "sha256:25642c956049920a5aa49edcdd6ab1e06d7e5d467fc00e0506c44ac86fbfca02"},
    {file = "typing_extensions-4.3.0.tar.gz", hash = "sha256:e6d2677a32f47fc7eb2795db1dd15c1f34eff616bcaf2cfb5e997f854fa1c4a6"},
]
ziglang = [
    {file = "ziglang-0.9.1-py3-none-macosx_10_9_x86_64.whl", hash = "sha256:fedce198fdaace4e8abb89c1a77e25023bb79dec8c30b54e7658dec3f01e9b62"},
    {file = "ziglang-0.9.1-py3-none-macosx_11_0_arm64.whl", hash = "sha256:0a308fa651484a8660e315a53fd7d5c7e8d0b3c4ca3f591f60dab727b1a7bb34"},
    {file = "ziglang-0.9.1-py3-none-manylinux_2_12_i686.manylinux2010_i686.whl", hash = "sha256:819e8e48504d5b6c1a0b2d9e20c714f13c7f27ec982fa2c5adea62935ab17310"},
    {file = "ziglang-0.9.1-py3-none-manylinux_2_12_x86_64.manylinux2010_x86_64.whl", hash = "sha256:fa1d08040e2b9a7aab40b0c14e1baf52097e845ea7a6801462ec593f48cf3431"},
    {file = "ziglang-0.9.1-py3-none-manylinux_2_17_aarch64.manylinux2014_aarch64.whl", hash = "sha256:4fee74a60826fd41a623d535c7a9e6130207e320aede0a9d25b9e5b948e5fe3e"},
    {file = "ziglang-0.9.1-py3-none-manylinux_2_17_armv7l.manylinux2014_armv7l.whl", hash = "sha256:3517b877e9026840dcaee2df4478980389e792881e81fb026f65e57c69a02f23"},
    {file = "ziglang-0.9.1-py3-none-win32.whl", hash = "sha256:f58f62e0adffe1adcc150d43490e0141496e469d4c5461611cebe56558b95e77"},
    {file = "ziglang-0.9.1-py3-none-win_amd64.whl", hash = "sha256:bf039d83321ae9957c3688021b9975c60171ffc8ba2b89046fdb08e0d43ddbdb"},
]
